
Microsoft Visual Studio Solution File, Format Version 12.00
# Visual Studio Version 17
VisualStudioVersion = 17.13.35931.197 d17.13
MinimumVisualStudioVersion = 10.0.40219.1
Project("{FAE04EC0-301F-11D3-BF4B-00C04F79EFBC}") = "GrooveNest.API", "GrooveNest.API\GrooveNest.API.csproj", "{FFF8E98A-5DBA-4DB4-90B9-870CB304C239}"
EndProject
Project("{FAE04EC0-301F-11D3-BF4B-00C04F79EFBC}") = "GrooveNest.Domain", "GrooveNest.Domain\GrooveNest.Domain.csproj", "{BE93B3BC-58ED-46B0-BA69-25FA1C880AE6}"
EndProject
Project("{FAE04EC0-301F-11D3-BF4B-00C04F79EFBC}") = "GrooveNest.Repository", "GrooveNest.Repository\GrooveNest.Repository.csproj", "{C7F0A692-3D0A-4979-B550-D8A430D41220}"
EndProject
Project("{FAE04EC0-301F-11D3-BF4B-00C04F79EFBC}") = "GrooveNest.Service", "GrooveNest.Service\GrooveNest.Service.csproj", "{AD7A5F2C-9289-4009-BB75-50CB1253BEB0}"
EndProject
Global
	GlobalSection(SolutionConfigurationPlatforms) = preSolution
		Debug|Any CPU = Debug|Any CPU
		Release|Any CPU = Release|Any CPU
	EndGlobalSection
	GlobalSection(ProjectConfigurationPlatforms) = postSolution
		{FFF8E98A-5DBA-4DB4-90B9-870CB304C239}.Debug|Any CPU.ActiveCfg = Debug|Any CPU
		{FFF8E98A-5DBA-4DB4-90B9-870CB304C239}.Debug|Any CPU.Build.0 = Debug|Any CPU
		{FFF8E98A-5DBA-4DB4-90B9-870CB304C239}.Release|Any CPU.ActiveCfg = Release|Any CPU
		{FFF8E98A-5DBA-4DB4-90B9-870CB304C239}.Release|Any CPU.Build.0 = Release|Any CPU
		{BE93B3BC-58ED-46B0-BA69-25FA1C880AE6}.Debug|Any CPU.ActiveCfg = Debug|Any CPU
		{BE93B3BC-58ED-46B0-BA69-25FA1C880AE6}.Debug|Any CPU.Build.0 = Debug|Any CPU
		{BE93B3BC-58ED-46B0-BA69-25FA1C880AE6}.Release|Any CPU.ActiveCfg = Release|Any CPU
		{BE93B3BC-58ED-46B0-BA69-25FA1C880AE6}.Release|Any CPU.Build.0 = Release|Any CPU
		{C7F0A692-3D0A-4979-B550-D8A430D41220}.Debug|Any CPU.ActiveCfg = Debug|Any CPU
		{C7F0A692-3D0A-4979-B550-D8A430D41220}.Debug|Any CPU.Build.0 = Debug|Any CPU
		{C7F0A692-3D0A-4979-B550-D8A430D41220}.Release|Any CPU.ActiveCfg = Release|Any CPU
		{C7F0A692-3D0A-4979-B550-D8A430D41220}.Release|Any CPU.Build.0 = Release|Any CPU
		{AD7A5F2C-9289-4009-BB75-50CB1253BEB0}.Debug|Any CPU.ActiveCfg = Debug|Any CPU
		{AD7A5F2C-9289-4009-BB75-50CB1253BEB0}.Debug|Any CPU.Build.0 = Debug|Any CPU
		{AD7A5F2C-9289-4009-BB75-50CB1253BEB0}.Release|Any CPU.ActiveCfg = Release|Any CPU
		{AD7A5F2C-9289-4009-BB75-50CB1253BEB0}.Release|Any CPU.Build.0 = Release|Any CPU
	EndGlobalSection
	GlobalSection(SolutionProperties) = preSolution
		HideSolutionNode = FALSE
	EndGlobalSection
	GlobalSection(ExtensibilityGlobals) = postSolution
		SolutionGuid = {4DD4DA1D-1C7D-4D60-8DF3-C68351925815}
	EndGlobalSection
EndGlobal
